
Microsoft Visual Studio Solution File, Format Version 12.00
# Visual Studio 15
VisualStudioVersion = 15.0.27130.0
MinimumVisualStudioVersion = 10.0.40219.1
Project("{FAE04EC0-301F-11D3-BF4B-00C04F79EFBC}") = "ReadEnum", "ReadEnum\ReadEnum.csproj", "{36FCF4E6-7842-4981-A21A-9A3A5F11C333}"
EndProject
Global
	GlobalSection(SolutionConfigurationPlatforms) = preSolution
		Debug|Any CPU = Debug|Any CPU
		Release|Any CPU = Release|Any CPU
	EndGlobalSection
	GlobalSection(ProjectConfigurationPlatforms) = postSolution
		{36FCF4E6-7842-4981-A21A-9A3A5F11C333}.Debug|Any CPU.ActiveCfg = Debug|Any CPU
		{36FCF4E6-7842-4981-A21A-9A3A5F11C333}.Debug|Any CPU.Build.0 = Debug|Any CPU
		{36FCF4E6-7842-4981-A21A-9A3A5F11C333}.Release|Any CPU.ActiveCfg = Release|Any CPU
		{36FCF4E6-7842-4981-A21A-9A3A5F11C333}.Release|Any CPU.Build.0 = Release|Any CPU
	EndGlobalSection
	GlobalSection(SolutionProperties) = preSolution
		HideSolutionNode = FALSE
	EndGlobalSection
	GlobalSection(ExtensibilityGlobals) = postSolution
		SolutionGuid = {4D903043-17DB-451F-B7BA-2E44A0F5FE71}
	EndGlobalSection
EndGlobal
